
Microsoft Visual Studio Solution File, Format Version 12.00
# Visual Studio 15
VisualStudioVersion = 15.0.26124.0
MinimumVisualStudioVersion = 15.0.26124.0
Project("{FAE04EC0-301F-11D3-BF4B-00C04F79EFBC}") = "Day1T", "Day1T\Day1T.csproj", "{78144362-7CD0-4636-B49B-8C01F5105A0E}"
EndProject
Project("{FAE04EC0-301F-11D3-BF4B-00C04F79EFBC}") = "Day1", "Day1\Day1.csproj", "{8AA5FA11-B074-49A9-9225-9AE5F9BCBEA1}"
EndProject
Project("{FAE04EC0-301F-11D3-BF4B-00C04F79EFBC}") = "Day2", "Day2\Day2.csproj", "{44AA985A-A351-43EF-BA55-059216926EDC}"
EndProject
Project("{FAE04EC0-301F-11D3-BF4B-00C04F79EFBC}") = "Day2T", "Day2T\Day2T.csproj", "{F857259A-920A-4D07-8347-F9DB366249B7}"
EndProject
Project("{FAE04EC0-301F-11D3-BF4B-00C04F79EFBC}") = "Day3", "Day3\Day3.csproj", "{D4865185-D951-4547-B4E8-568F2AD3FCAF}"
EndProject
Project("{FAE04EC0-301F-11D3-BF4B-00C04F79EFBC}") = "Common", "Common\Common.csproj", "{F0D89BD1-E423-4DC7-84F5-6E7316B4276E}"
EndProject
Project("{FAE04EC0-301F-11D3-BF4B-00C04F79EFBC}") = "Day4", "Day4\Day4.csproj", "{37F02888-4BB7-4087-86D8-D5F90090025B}"
EndProject
Global
	GlobalSection(SolutionConfigurationPlatforms) = preSolution
		Debug|Any CPU = Debug|Any CPU
		Debug|x64 = Debug|x64
		Debug|x86 = Debug|x86
		Release|Any CPU = Release|Any CPU
		Release|x64 = Release|x64
		Release|x86 = Release|x86
	EndGlobalSection
	GlobalSection(SolutionProperties) = preSolution
		HideSolutionNode = FALSE
	EndGlobalSection
	GlobalSection(ProjectConfigurationPlatforms) = postSolution
		{78144362-7CD0-4636-B49B-8C01F5105A0E}.Debug|Any CPU.ActiveCfg = Debug|Any CPU
		{78144362-7CD0-4636-B49B-8C01F5105A0E}.Debug|Any CPU.Build.0 = Debug|Any CPU
		{78144362-7CD0-4636-B49B-8C01F5105A0E}.Debug|x64.ActiveCfg = Debug|Any CPU
		{78144362-7CD0-4636-B49B-8C01F5105A0E}.Debug|x64.Build.0 = Debug|Any CPU
		{78144362-7CD0-4636-B49B-8C01F5105A0E}.Debug|x86.ActiveCfg = Debug|Any CPU
		{78144362-7CD0-4636-B49B-8C01F5105A0E}.Debug|x86.Build.0 = Debug|Any CPU
		{78144362-7CD0-4636-B49B-8C01F5105A0E}.Release|Any CPU.ActiveCfg = Release|Any CPU
		{78144362-7CD0-4636-B49B-8C01F5105A0E}.Release|Any CPU.Build.0 = Release|Any CPU
		{78144362-7CD0-4636-B49B-8C01F5105A0E}.Release|x64.ActiveCfg = Release|Any CPU
		{78144362-7CD0-4636-B49B-8C01F5105A0E}.Release|x64.Build.0 = Release|Any CPU
		{78144362-7CD0-4636-B49B-8C01F5105A0E}.Release|x86.ActiveCfg = Release|Any CPU
		{78144362-7CD0-4636-B49B-8C01F5105A0E}.Release|x86.Build.0 = Release|Any CPU
		{8AA5FA11-B074-49A9-9225-9AE5F9BCBEA1}.Debug|Any CPU.ActiveCfg = Debug|Any CPU
		{8AA5FA11-B074-49A9-9225-9AE5F9BCBEA1}.Debug|Any CPU.Build.0 = Debug|Any CPU
		{8AA5FA11-B074-49A9-9225-9AE5F9BCBEA1}.Debug|x64.ActiveCfg = Debug|Any CPU
		{8AA5FA11-B074-49A9-9225-9AE5F9BCBEA1}.Debug|x64.Build.0 = Debug|Any CPU
		{8AA5FA11-B074-49A9-9225-9AE5F9BCBEA1}.Debug|x86.ActiveCfg = Debug|Any CPU
		{8AA5FA11-B074-49A9-9225-9AE5F9BCBEA1}.Debug|x86.Build.0 = Debug|Any CPU
		{8AA5FA11-B074-49A9-9225-9AE5F9BCBEA1}.Release|Any CPU.ActiveCfg = Release|Any CPU
		{8AA5FA11-B074-49A9-9225-9AE5F9BCBEA1}.Release|Any CPU.Build.0 = Release|Any CPU
		{8AA5FA11-B074-49A9-9225-9AE5F9BCBEA1}.Release|x64.ActiveCfg = Release|Any CPU
		{8AA5FA11-B074-49A9-9225-9AE5F9BCBEA1}.Release|x64.Build.0 = Release|Any CPU
		{8AA5FA11-B074-49A9-9225-9AE5F9BCBEA1}.Release|x86.ActiveCfg = Release|Any CPU
		{8AA5FA11-B074-49A9-9225-9AE5F9BCBEA1}.Release|x86.Build.0 = Release|Any CPU
		{44AA985A-A351-43EF-BA55-059216926EDC}.Debug|Any CPU.ActiveCfg = Debug|Any CPU
		{44AA985A-A351-43EF-BA55-059216926EDC}.Debug|Any CPU.Build.0 = Debug|Any CPU
		{44AA985A-A351-43EF-BA55-059216926EDC}.Debug|x64.ActiveCfg = Debug|Any CPU
		{44AA985A-A351-43EF-BA55-059216926EDC}.Debug|x64.Build.0 = Debug|Any CPU
		{44AA985A-A351-43EF-BA55-059216926EDC}.Debug|x86.ActiveCfg = Debug|Any CPU
		{44AA985A-A351-43EF-BA55-059216926EDC}.Debug|x86.Build.0 = Debug|Any CPU
		{44AA985A-A351-43EF-BA55-059216926EDC}.Release|Any CPU.ActiveCfg = Release|Any CPU
		{44AA985A-A351-43EF-BA55-059216926EDC}.Release|Any CPU.Build.0 = Release|Any CPU
		{44AA985A-A351-43EF-BA55-059216926EDC}.Release|x64.ActiveCfg = Release|Any CPU
		{44AA985A-A351-43EF-BA55-059216926EDC}.Release|x64.Build.0 = Release|Any CPU
		{44AA985A-A351-43EF-BA55-059216926EDC}.Release|x86.ActiveCfg = Release|Any CPU
		{44AA985A-A351-43EF-BA55-059216926EDC}.Release|x86.Build.0 = Release|Any CPU
		{F857259A-920A-4D07-8347-F9DB366249B7}.Debug|Any CPU.ActiveCfg = Debug|Any CPU
		{F857259A-920A-4D07-8347-F9DB366249B7}.Debug|Any CPU.Build.0 = Debug|Any CPU
		{F857259A-920A-4D07-8347-F9DB366249B7}.Debug|x64.ActiveCfg = Debug|Any CPU
		{F857259A-920A-4D07-8347-F9DB366249B7}.Debug|x64.Build.0 = Debug|Any CPU
		{F857259A-920A-4D07-8347-F9DB366249B7}.Debug|x86.ActiveCfg = Debug|Any CPU
		{F857259A-920A-4D07-8347-F9DB366249B7}.Debug|x86.Build.0 = Debug|Any CPU
		{F857259A-920A-4D07-8347-F9DB366249B7}.Release|Any CPU.ActiveCfg = Release|Any CPU
		{F857259A-920A-4D07-8347-F9DB366249B7}.Release|Any CPU.Build.0 = Release|Any CPU
		{F857259A-920A-4D07-8347-F9DB366249B7}.Release|x64.ActiveCfg = Release|Any CPU
		{F857259A-920A-4D07-8347-F9DB366249B7}.Release|x64.Build.0 = Release|Any CPU
		{F857259A-920A-4D07-8347-F9DB366249B7}.Release|x86.ActiveCfg = Release|Any CPU
		{F857259A-920A-4D07-8347-F9DB366249B7}.Release|x86.Build.0 = Release|Any CPU
		{D4865185-D951-4547-B4E8-568F2AD3FCAF}.Debug|Any CPU.ActiveCfg = Debug|Any CPU
		{D4865185-D951-4547-B4E8-568F2AD3FCAF}.Debug|Any CPU.Build.0 = Debug|Any CPU
		{D4865185-D951-4547-B4E8-568F2AD3FCAF}.Debug|x64.ActiveCfg = Debug|Any CPU
		{D4865185-D951-4547-B4E8-568F2AD3FCAF}.Debug|x64.Build.0 = Debug|Any CPU
		{D4865185-D951-4547-B4E8-568F2AD3FCAF}.Debug|x86.ActiveCfg = Debug|Any CPU
		{D4865185-D951-4547-B4E8-568F2AD3FCAF}.Debug|x86.Build.0 = Debug|Any CPU
		{D4865185-D951-4547-B4E8-568F2AD3FCAF}.Release|Any CPU.ActiveCfg = Release|Any CPU
		{D4865185-D951-4547-B4E8-568F2AD3FCAF}.Release|Any CPU.Build.0 = Release|Any CPU
		{D4865185-D951-4547-B4E8-568F2AD3FCAF}.Release|x64.ActiveCfg = Release|Any CPU
		{D4865185-D951-4547-B4E8-568F2AD3FCAF}.Release|x64.Build.0 = Release|Any CPU
		{D4865185-D951-4547-B4E8-568F2AD3FCAF}.Release|x86.ActiveCfg = Release|Any CPU
		{D4865185-D951-4547-B4E8-568F2AD3FCAF}.Release|x86.Build.0 = Release|Any CPU
		{F0D89BD1-E423-4DC7-84F5-6E7316B4276E}.Debug|Any CPU.ActiveCfg = Debug|Any CPU
		{F0D89BD1-E423-4DC7-84F5-6E7316B4276E}.Debug|Any CPU.Build.0 = Debug|Any CPU
		{F0D89BD1-E423-4DC7-84F5-6E7316B4276E}.Debug|x64.ActiveCfg = Debug|Any CPU
		{F0D89BD1-E423-4DC7-84F5-6E7316B4276E}.Debug|x64.Build.0 = Debug|Any CPU
		{F0D89BD1-E423-4DC7-84F5-6E7316B4276E}.Debug|x86.ActiveCfg = Debug|Any CPU
		{F0D89BD1-E423-4DC7-84F5-6E7316B4276E}.Debug|x86.Build.0 = Debug|Any CPU
		{F0D89BD1-E423-4DC7-84F5-6E7316B4276E}.Release|Any CPU.ActiveCfg = Release|Any CPU
		{F0D89BD1-E423-4DC7-84F5-6E7316B4276E}.Release|Any CPU.Build.0 = Release|Any CPU
		{F0D89BD1-E423-4DC7-84F5-6E7316B4276E}.Release|x64.ActiveCfg = Release|Any CPU
		{F0D89BD1-E423-4DC7-84F5-6E7316B4276E}.Release|x64.Build.0 = Release|Any CPU
		{F0D89BD1-E423-4DC7-84F5-6E7316B4276E}.Release|x86.ActiveCfg = Release|Any CPU
		{F0D89BD1-E423-4DC7-84F5-6E7316B4276E}.Release|x86.Build.0 = Release|Any CPU
		{37F02888-4BB7-4087-86D8-D5F90090025B}.Debug|Any CPU.ActiveCfg = Debug|Any CPU
		{37F02888-4BB7-4087-86D8-D5F90090025B}.Debug|Any CPU.Build.0 = Debug|Any CPU
		{37F02888-4BB7-4087-86D8-D5F90090025B}.Debug|x64.ActiveCfg = Debug|Any CPU
		{37F02888-4BB7-4087-86D8-D5F90090025B}.Debug|x64.Build.0 = Debug|Any CPU
		{37F02888-4BB7-4087-86D8-D5F90090025B}.Debug|x86.ActiveCfg = Debug|Any CPU
		{37F02888-4BB7-4087-86D8-D5F90090025B}.Debug|x86.Build.0 = Debug|Any CPU
		{37F02888-4BB7-4087-86D8-D5F90090025B}.Release|Any CPU.ActiveCfg = Release|Any CPU
		{37F02888-4BB7-4087-86D8-D5F90090025B}.Release|Any CPU.Build.0 = Release|Any CPU
		{37F02888-4BB7-4087-86D8-D5F90090025B}.Release|x64.ActiveCfg = Release|Any CPU
		{37F02888-4BB7-4087-86D8-D5F90090025B}.Release|x64.Build.0 = Release|Any CPU
		{37F02888-4BB7-4087-86D8-D5F90090025B}.Release|x86.ActiveCfg = Release|Any CPU
		{37F02888-4BB7-4087-86D8-D5F90090025B}.Release|x86.Build.0 = Release|Any CPU
	EndGlobalSection
EndGlobal
